// !$*UTF8*$!
{
	archiveVersion = 1;
	classes = {
	};
	objectVersion = 55;
	objects = {

/* Begin PBXBuildFile section */
		3BA590C827ACFF5200DEBA44 /* AppDelegate.swift in Sources */ = {isa = PBXBuildFile; fileRef = 3BA590C727ACFF5200DEBA44 /* AppDelegate.swift */; };
		3BA590CC27ACFF5200DEBA44 /* ViewController.swift in Sources */ = {isa = PBXBuildFile; fileRef = 3BA590CB27ACFF5200DEBA44 /* ViewController.swift */; };
		3BA590CF27ACFF5200DEBA44 /* Main.storyboard in Resources */ = {isa = PBXBuildFile; fileRef = 3BA590CD27ACFF5200DEBA44 /* Main.storyboard */; };
		3BA590D127ACFF5300DEBA44 /* Assets.xcassets in Resources */ = {isa = PBXBuildFile; fileRef = 3BA590D027ACFF5300DEBA44 /* Assets.xcassets */; };
		3BA590D427ACFF5300DEBA44 /* LaunchScreen.storyboard in Resources */ = {isa = PBXBuildFile; fileRef = 3BA590D227ACFF5300DEBA44 /* LaunchScreen.storyboard */; };
		3BA590DC27AD020400DEBA44 /* ViewController.xib in Resources */ = {isa = PBXBuildFile; fileRef = 3BA590DB27AD020400DEBA44 /* ViewController.xib */; };
		3BA590E127AD03A500DEBA44 /* TableViewCell.swift in Sources */ = {isa = PBXBuildFile; fileRef = 3BA590DF27AD03A500DEBA44 /* TableViewCell.swift */; };
		3BA590E227AD03A500DEBA44 /* TableViewCell.xib in Resources */ = {isa = PBXBuildFile; fileRef = 3BA590E027AD03A500DEBA44 /* TableViewCell.xib */; };
		3BA590E527AD03BD00DEBA44 /* TableViewController.swift in Sources */ = {isa = PBXBuildFile; fileRef = 3BA590E327AD03BD00DEBA44 /* TableViewController.swift */; };
		3BA590E627AD03BD00DEBA44 /* TableViewController.xib in Resources */ = {isa = PBXBuildFile; fileRef = 3BA590E427AD03BD00DEBA44 /* TableViewController.xib */; };
		3BA590EA27AD065A00DEBA44 /* CollectionViewController.swift in Sources */ = {isa = PBXBuildFile; fileRef = 3BA590E827AD065A00DEBA44 /* CollectionViewController.swift */; };
		3BA590EB27AD065A00DEBA44 /* CollectionViewController.xib in Resources */ = {isa = PBXBuildFile; fileRef = 3BA590E927AD065A00DEBA44 /* CollectionViewController.xib */; };
		3BA590EE27AD066E00DEBA44 /* CollectionViewCell.swift in Sources */ = {isa = PBXBuildFile; fileRef = 3BA590EC27AD066E00DEBA44 /* CollectionViewCell.swift */; };
		3BA590EF27AD066E00DEBA44 /* CollectionViewCell.xib in Resources */ = {isa = PBXBuildFile; fileRef = 3BA590ED27AD066E00DEBA44 /* CollectionViewCell.xib */; };
/* End PBXBuildFile section */

/* Begin PBXFileReference section */
		3BA590C427ACFF5200DEBA44 /* XIBFinal.app */ = {isa = PBXFileReference; explicitFileType = wrapper.application; includeInIndex = 0; path = XIBFinal.app; sourceTree = BUILT_PRODUCTS_DIR; };
		3BA590C727ACFF5200DEBA44 /* AppDelegate.swift */ = {isa = PBXFileReference; lastKnownFileType = sourcecode.swift; path = AppDelegate.swift; sourceTree = "<group>"; };
		3BA590CB27ACFF5200DEBA44 /* ViewController.swift */ = {isa = PBXFileReference; lastKnownFileType = sourcecode.swift; path = ViewController.swift; sourceTree = "<group>"; };
		3BA590CE27ACFF5200DEBA44 /* Base */ = {isa = PBXFileReference; lastKnownFileType = file.storyboard; name = Base; path = Base.lproj/Main.storyboard; sourceTree = "<group>"; };
		3BA590D027ACFF5300DEBA44 /* Assets.xcassets */ = {isa = PBXFileReference; lastKnownFileType = folder.assetcatalog; path = Assets.xcassets; sourceTree = "<group>"; };
		3BA590D327ACFF5300DEBA44 /* Base */ = {isa = PBXFileReference; lastKnownFileType = file.storyboard; name = Base; path = Base.lproj/LaunchScreen.storyboard; sourceTree = "<group>"; };
		3BA590D527ACFF5300DEBA44 /* Info.plist */ = {isa = PBXFileReference; lastKnownFileType = text.plist.xml; path = Info.plist; sourceTree = "<group>"; };
		3BA590DB27AD020400DEBA44 /* ViewController.xib */ = {isa = PBXFileReference; lastKnownFileType = file.xib; path = ViewController.xib; sourceTree = "<group>"; };
		3BA590DF27AD03A500DEBA44 /* TableViewCell.swift */ = {isa = PBXFileReference; lastKnownFileType = sourcecode.swift; path = TableViewCell.swift; sourceTree = "<group>"; };
		3BA590E027AD03A500DEBA44 /* TableViewCell.xib */ = {isa = PBXFileReference; lastKnownFileType = file.xib; path = TableViewCell.xib; sourceTree = "<group>"; };
		3BA590E327AD03BD00DEBA44 /* TableViewController.swift */ = {isa = PBXFileReference; lastKnownFileType = sourcecode.swift; path = TableViewController.swift; sourceTree = "<group>"; };
		3BA590E427AD03BD00DEBA44 /* TableViewController.xib */ = {isa = PBXFileReference; lastKnownFileType = file.xib; path = TableViewController.xib; sourceTree = "<group>"; };
		3BA590E827AD065A00DEBA44 /* CollectionViewController.swift */ = {isa = PBXFileReference; lastKnownFileType = sourcecode.swift; path = CollectionViewController.swift; sourceTree = "<group>"; };
		3BA590E927AD065A00DEBA44 /* CollectionViewController.xib */ = {isa = PBXFileReference; lastKnownFileType = file.xib; path = CollectionViewController.xib; sourceTree = "<group>"; };
		3BA590EC27AD066E00DEBA44 /* CollectionViewCell.swift */ = {isa = PBXFileReference; lastKnownFileType = sourcecode.swift; path = CollectionViewCell.swift; sourceTree = "<group>"; };
		3BA590ED27AD066E00DEBA44 /* CollectionViewCell.xib */ = {isa = PBXFileReference; lastKnownFileType = file.xib; path = CollectionViewCell.xib; sourceTree = "<group>"; };
/* End PBXFileReference section */

/* Begin PBXFrameworksBuildPhase section */
		3BA590C127ACFF5200DEBA44 /* Frameworks */ = {
			isa = PBXFrameworksBuildPhase;
			buildActionMask = 2147483647;
			files = (
			);
			runOnlyForDeploymentPostprocessing = 0;
		};
/* End PBXFrameworksBuildPhase section */

/* Begin PBXGroup section */
		3BA590BB27ACFF5200DEBA44 = {
			isa = PBXGroup;
			children = (
				3BA590C627ACFF5200DEBA44 /* XIBFinal */,
				3BA590C527ACFF5200DEBA44 /* Products */,
			);
			sourceTree = "<group>";
		};
		3BA590C527ACFF5200DEBA44 /* Products */ = {
			isa = PBXGroup;
			children = (
				3BA590C427ACFF5200DEBA44 /* XIBFinal.app */,
			);
			name = Products;
			sourceTree = "<group>";
		};
		3BA590C627ACFF5200DEBA44 /* XIBFinal */ = {
			isa = PBXGroup;
			children = (
				3BA590E727AD064800DEBA44 /* collectionView */,
				3BA590DE27AD038A00DEBA44 /* tableView */,
				3BA590DD27AD037B00DEBA44 /* mainVC */,
				3BA590C727ACFF5200DEBA44 /* AppDelegate.swift */,
				3BA590CD27ACFF5200DEBA44 /* Main.storyboard */,
				3BA590D027ACFF5300DEBA44 /* Assets.xcassets */,
				3BA590D227ACFF5300DEBA44 /* LaunchScreen.storyboard */,
				3BA590D527ACFF5300DEBA44 /* Info.plist */,
			);
			path = XIBFinal;
			sourceTree = "<group>";
		};
		3BA590DD27AD037B00DEBA44 /* mainVC */ = {
			isa = PBXGroup;
			children = (
				3BA590CB27ACFF5200DEBA44 /* ViewController.swift */,
				3BA590DB27AD020400DEBA44 /* ViewController.xib */,
			);
			path = mainVC;
			sourceTree = "<group>";
		};
		3BA590DE27AD038A00DEBA44 /* tableView */ = {
			isa = PBXGroup;
			children = (
				3BA590DF27AD03A500DEBA44 /* TableViewCell.swift */,
				3BA590E027AD03A500DEBA44 /* TableViewCell.xib */,
				3BA590E327AD03BD00DEBA44 /* TableViewController.swift */,
				3BA590E427AD03BD00DEBA44 /* TableViewController.xib */,
			);
			path = tableView;
			sourceTree = "<group>";
		};
		3BA590E727AD064800DEBA44 /* collectionView */ = {
			isa = PBXGroup;
			children = (
				3BA590E827AD065A00DEBA44 /* CollectionViewController.swift */,
				3BA590E927AD065A00DEBA44 /* CollectionViewController.xib */,
				3BA590EC27AD066E00DEBA44 /* CollectionViewCell.swift */,
				3BA590ED27AD066E00DEBA44 /* CollectionViewCell.xib */,
			);
			path = collectionView;
			sourceTree = "<group>";
		};
/* End PBXGroup section */

/* Begin PBXNativeTarget section */
		3BA590C327ACFF5200DEBA44 /* XIBFinal */ = {
			isa = PBXNativeTarget;
			buildConfigurationList = 3BA590D827ACFF5300DEBA44 /* Build configuration list for PBXNativeTarget "XIBFinal" */;
			buildPhases = (
				3BA590C027ACFF5200DEBA44 /* Sources */,
				3BA590C127ACFF5200DEBA44 /* Frameworks */,
				3BA590C227ACFF5200DEBA44 /* Resources */,
			);
			buildRules = (
			);
			dependencies = (
			);
			name = XIBFinal;
			productName = XIBFinal;
			productReference = 3BA590C427ACFF5200DEBA44 /* XIBFinal.app */;
			productType = "com.apple.product-type.application";
		};
/* End PBXNativeTarget section */

/* Begin PBXProject section */
		3BA590BC27ACFF5200DEBA44 /* Project object */ = {
			isa = PBXProject;
			attributes = {
				BuildIndependentTargetsInParallel = 1;
				LastSwiftUpdateCheck = 1320;
				LastUpgradeCheck = 1320;
				TargetAttributes = {
					3BA590C327ACFF5200DEBA44 = {
						CreatedOnToolsVersion = 13.2.1;
					};
				};
			};
			buildConfigurationList = 3BA590BF27ACFF5200DEBA44 /* Build configuration list for PBXProject "XIBFinal" */;
			compatibilityVersion = "Xcode 13.0";
			developmentRegion = en;
			hasScannedForEncodings = 0;
			knownRegions = (
				en,
				Base,
			);
			mainGroup = 3BA590BB27ACFF5200DEBA44;
			productRefGroup = 3BA590C527ACFF5200DEBA44 /* Products */;
			projectDirPath = "";
			projectRoot = "";
			targets = (
				3BA590C327ACFF5200DEBA44 /* XIBFinal */,
			);
		};
/* End PBXProject section */

/* Begin PBXResourcesBuildPhase section */
		3BA590C227ACFF5200DEBA44 /* Resources */ = {
			isa = PBXResourcesBuildPhase;
			buildActionMask = 2147483647;
			files = (
				3BA590D427ACFF5300DEBA44 /* LaunchScreen.storyboard in Resources */,
				3BA590E227AD03A500DEBA44 /* TableViewCell.xib in Resources */,
				3BA590EB27AD065A00DEBA44 /* CollectionViewController.xib in Resources */,
				3BA590D127ACFF5300DEBA44 /* Assets.xcassets in Resources */,
				3BA590E627AD03BD00DEBA44 /* TableViewController.xib in Resources */,
				3BA590DC27AD020400DEBA44 /* ViewController.xib in Resources */,
				3BA590EF27AD066E00DEBA44 /* CollectionViewCell.xib in Resources */,
				3BA590CF27ACFF5200DEBA44 /* Main.storyboard in Resources */,
			);
			runOnlyForDeploymentPostprocessing = 0;
		};
/* End PBXResourcesBuildPhase section */

/* Begin PBXSourcesBuildPhase section */
		3BA590C027ACFF5200DEBA44 /* Sources */ = {
			isa = PBXSourcesBuildPhase;
			buildActionMask = 2147483647;
			files = (
				3BA590E127AD03A500DEBA44 /* TableViewCell.swift in Sources */,
				3BA590CC27ACFF5200DEBA44 /* ViewController.swift in Sources */,
				3BA590EE27AD066E00DEBA44 /* CollectionViewCell.swift in Sources */,
				3BA590C827ACFF5200DEBA44 /* AppDelegate.swift in Sources */,
				3BA590E527AD03BD00DEBA44 /* TableViewController.swift in Sources */,
				3BA590EA27AD065A00DEBA44 /* CollectionViewController.swift in Sources */,
			);
			runOnlyForDeploymentPostprocessing = 0;
		};
/* End PBXSourcesBuildPhase section */

/* Begin PBXVariantGroup section */
		3BA590CD27ACFF5200DEBA44 /* Main.storyboard */ = {
			isa = PBXVariantGroup;
			children = (
				3BA590CE27ACFF5200DEBA44 /* Base */,
			);
			name = Main.storyboard;
			sourceTree = "<group>";
		};
		3BA590D227ACFF5300DEBA44 /* LaunchScreen.storyboard */ = {
			isa = PBXVariantGroup;
			children = (
				3BA590D327ACFF5300DEBA44 /* Base */,
			);
			name = LaunchScreen.storyboard;
			sourceTree = "<group>";
		};
/* End PBXVariantGroup section */

/* Begin XCBuildConfiguration section */
		3BA590D627ACFF5300DEBA44 /* Debug */ = {
			isa = XCBuildConfiguration;
			buildSettings = {
				ALWAYS_SEARCH_USER_PATHS = NO;
				CLANG_ANALYZER_NONNULL = YES;
				CLANG_ANALYZER_NUMBER_OBJECT_CONVERSION = YES_AGGRESSIVE;
				CLANG_CXX_LANGUAGE_STANDARD = "gnu++17";
				CLANG_CXX_LIBRARY = "libc++";
				CLANG_ENABLE_MODULES = YES;
				CLANG_ENABLE_OBJC_ARC = YES;
				CLANG_ENABLE_OBJC_WEAK = YES;
				CLANG_WARN_BLOCK_CAPTURE_AUTORELEASING = YES;
				CLANG_WARN_BOOL_CONVERSION = YES;
				CLANG_WARN_COMMA = YES;
				CLANG_WARN_CONSTANT_CONVERSION = YES;
				CLANG_WARN_DEPRECATED_OBJC_IMPLEMENTATIONS = YES;
				CLANG_WARN_DIRECT_OBJC_ISA_USAGE = YES_ERROR;
				CLANG_WARN_DOCUMENTATION_COMMENTS = YES;
				CLANG_WARN_EMPTY_BODY = YES;
				CLANG_WARN_ENUM_CONVERSION = YES;
				CLANG_WARN_INFINITE_RECURSION = YES;
				CLANG_WARN_INT_CONVERSION = YES;
				CLANG_WARN_NON_LITERAL_NULL_CONVERSION = YES;
				CLANG_WARN_OBJC_IMPLICIT_RETAIN_SELF = YES;
				CLANG_WARN_OBJC_LITERAL_CONVERSION = YES;
				CLANG_WARN_OBJC_ROOT_CLASS = YES_ERROR;
				CLANG_WARN_QUOTED_INCLUDE_IN_FRAMEWORK_HEADER = YES;
				CLANG_WARN_RANGE_LOOP_ANALYSIS = YES;
				CLANG_WARN_STRICT_PROTOTYPES = YES;
				CLANG_WARN_SUSPICIOUS_MOVE = YES;
				CLANG_WARN_UNGUARDED_AVAILABILITY = YES_AGGRESSIVE;
				CLANG_WARN_UNREACHABLE_CODE = YES;
				CLANG_WARN__DUPLICATE_METHOD_MATCH = YES;
				COPY_PHASE_STRIP = NO;
				DEBUG_INFORMATION_FORMAT = dwarf;
				ENABLE_STRICT_OBJC_MSGSEND = YES;
				ENABLE_TESTABILITY = YES;
				GCC_C_LANGUAGE_STANDARD = gnu11;
				GCC_DYNAMIC_NO_PIC = NO;
				GCC_NO_COMMON_BLOCKS = YES;
				GCC_OPTIMIZATION_LEVEL = 0;
				GCC_PREPROCESSOR_DEFINITIONS = (
					"DEBUG=1",
					"$(inherited)",
				);
				GCC_WARN_64_TO_32_BIT_CONVERSION = YES;
				GCC_WARN_ABOUT_RETURN_TYPE = YES_ERROR;
				GCC_WARN_UNDECLARED_SELECTOR = YES;
				GCC_WARN_UNINITIALIZED_AUTOS = YES_AGGRESSIVE;
				GCC_WARN_UNUSED_FUNCTION = YES;
				GCC_WARN_UNUSED_VARIABLE = YES;
				IPHONEOS_DEPLOYMENT_TARGET = 15.2;
				MTL_ENABLE_DEBUG_INFO = INCLUDE_SOURCE;
				MTL_FAST_MATH = YES;
				ONLY_ACTIVE_ARCH = YES;
				SDKROOT = iphoneos;
				SWIFT_ACTIVE_COMPILATION_CONDITIONS = DEBUG;
				SWIFT_OPTIMIZATION_LEVEL = "-Onone";
			};
			name = Debug;
		};
		3BA590D727ACFF5300DEBA44 /* Release */ = {
			isa = XCBuildConfiguration;
			buildSettings = {
				ALWAYS_SEARCH_USER_PATHS = NO;
				CLANG_ANALYZER_NONNULL = YES;
				CLANG_ANALYZER_NUMBER_OBJECT_CONVERSION = YES_AGGRESSIVE;
				CLANG_CXX_LANGUAGE_STANDARD = "gnu++17";
				CLANG_CXX_LIBRARY = "libc++";
				CLANG_ENABLE_MODULES = YES;
				CLANG_ENABLE_OBJC_ARC = YES;
				CLANG_ENABLE_OBJC_WEAK = YES;
				CLANG_WARN_BLOCK_CAPTURE_AUTORELEASING = YES;
				CLANG_WARN_BOOL_CONVERSION = YES;
				CLANG_WARN_COMMA = YES;
				CLANG_WARN_CONSTANT_CONVERSION = YES;
				CLANG_WARN_DEPRECATED_OBJC_IMPLEMENTATIONS = YES;
				CLANG_WARN_DIRECT_OBJC_ISA_USAGE = YES_ERROR;
				CLANG_WARN_DOCUMENTATION_COMMENTS = YES;
				CLANG_WARN_EMPTY_BODY = YES;
				CLANG_WARN_ENUM_CONVERSION = YES;
				CLANG_WARN_INFINITE_RECURSION = YES;
				CLANG_WARN_INT_CONVERSION = YES;
				CLANG_WARN_NON_LITERAL_NULL_CONVERSION = YES;
				CLANG_WARN_OBJC_IMPLICIT_RETAIN_SELF = YES;
				CLANG_WARN_OBJC_LITERAL_CONVERSION = YES;
				CLANG_WARN_OBJC_ROOT_CLASS = YES_ERROR;
				CLANG_WARN_QUOTED_INCLUDE_IN_FRAMEWORK_HEADER = YES;
				CLANG_WARN_RANGE_LOOP_ANALYSIS = YES;
				CLANG_WARN_STRICT_PROTOTYPES = YES;
				CLANG_WARN_SUSPICIOUS_MOVE = YES;
				CLANG_WARN_UNGUARDED_AVAILABILITY = YES_AGGRESSIVE;
				CLANG_WARN_UNREACHABLE_CODE = YES;
				CLANG_WARN__DUPLICATE_METHOD_MATCH = YES;
				COPY_PHASE_STRIP = NO;
				DEBUG_INFORMATION_FORMAT = "dwarf-with-dsym";
				ENABLE_NS_ASSERTIONS = NO;
				ENABLE_STRICT_OBJC_MSGSEND = YES;
				GCC_C_LANGUAGE_STANDARD = gnu11;
				GCC_NO_COMMON_BLOCKS = YES;
				GCC_WARN_64_TO_32_BIT_CONVERSION = YES;
				GCC_WARN_ABOUT_RETURN_TYPE = YES_ERROR;
				GCC_WARN_UNDECLARED_SELECTOR = YES;
				GCC_WARN_UNINITIALIZED_AUTOS = YES_AGGRESSIVE;
				GCC_WARN_UNUSED_FUNCTION = YES;
				GCC_WARN_UNUSED_VARIABLE = YES;
				IPHONEOS_DEPLOYMENT_TARGET = 15.2;
				MTL_ENABLE_DEBUG_INFO = NO;
				MTL_FAST_MATH = YES;
				SDKROOT = iphoneos;
				SWIFT_COMPILATION_MODE = wholemodule;
				SWIFT_OPTIMIZATION_LEVEL = "-O";
				VALIDATE_PRODUCT = YES;
			};
			name = Release;
		};
		3BA590D927ACFF5300DEBA44 /* Debug */ = {
			isa = XCBuildConfiguration;
			buildSettings = {
				ASSETCATALOG_COMPILER_APPICON_NAME = AppIcon;
				ASSETCATALOG_COMPILER_GLOBAL_ACCENT_COLOR_NAME = AccentColor;
				CODE_SIGN_STYLE = Automatic;
				CURRENT_PROJECT_VERSION = 1;
				DEVELOPMENT_TEAM = C56ZVK9FN4;
				GENERATE_INFOPLIST_FILE = YES;
				INFOPLIST_FILE = XIBFinal/Info.plist;
				INFOPLIST_KEY_UIApplicationSupportsIndirectInputEvents = YES;
				INFOPLIST_KEY_UILaunchStoryboardName = LaunchScreen;
				INFOPLIST_KEY_UISupportedInterfaceOrientations_iPad = "UIInterfaceOrientationPortrait UIInterfaceOrientationPortraitUpsideDown UIInterfaceOrientationLandscapeLeft UIInterfaceOrientationLandscapeRight";
				INFOPLIST_KEY_UISupportedInterfaceOrientations_iPhone = "UIInterfaceOrientationPortrait UIInterfaceOrientationLandscapeLeft UIInterfaceOrientationLandscapeRight";
				LD_RUNPATH_SEARCH_PATHS = (
					"$(inherited)",
					"@executable_path/Frameworks",
				);
				MARKETING_VERSION = 1.0;
				PRODUCT_BUNDLE_IDENTIFIER = com.jewonTak.XIBFinal;
				PRODUCT_NAME = "$(TARGET_NAME)";
				SWIFT_EMIT_LOC_STRINGS = YES;
				SWIFT_VERSION = 5.0;
				TARGETED_DEVICE_FAMILY = "1,2";
			};
			name = Debug;
		};
		3BA590DA27ACFF5300DEBA44 /* Release */ = {
			isa = XCBuildConfiguration;
			buildSettings = {
				ASSETCATALOG_COMPILER_APPICON_NAME = AppIcon;
				ASSETCATALOG_COMPILER_GLOBAL_ACCENT_COLOR_NAME = AccentColor;
				CODE_SIGN_STYLE = Automatic;
				CURRENT_PROJECT_VERSION = 1;
				DEVELOPMENT_TEAM = C56ZVK9FN4;
				GENERATE_INFOPLIST_FILE = YES;
				INFOPLIST_FILE = XIBFinal/Info.plist;
				INFOPLIST_KEY_UIApplicationSupportsIndirectInputEvents = YES;
				INFOPLIST_KEY_UILaunchStoryboardName = LaunchScreen;
				INFOPLIST_KEY_UISupportedInterfaceOrientations_iPad = "UIInterfaceOrientationPortrait UIInterfaceOrientationPortraitUpsideDown UIInterfaceOrientationLandscapeLeft UIInterfaceOrientationLandscapeRight";
				INFOPLIST_KEY_UISupportedInterfaceOrientations_iPhone = "UIInterfaceOrientationPortrait UIInterfaceOrientationLandscapeLeft UIInterfaceOrientationLandscapeRight";
				LD_RUNPATH_SEARCH_PATHS = (
					"$(inherited)",
					"@executable_path/Frameworks",
				);
				MARKETING_VERSION = 1.0;
				PRODUCT_BUNDLE_IDENTIFIER = com.jewonTak.XIBFinal;
				PRODUCT_NAME = "$(TARGET_NAME)";
				SWIFT_EMIT_LOC_STRINGS = YES;
				SWIFT_VERSION = 5.0;
				TARGETED_DEVICE_FAMILY = "1,2";
			};
			name = Release;
		};
/* End XCBuildConfiguration section */

/* Begin XCConfigurationList section */
		3BA590BF27ACFF5200DEBA44 /* Build configuration list for PBXProject "XIBFinal" */ = {
			isa = XCConfigurationList;
			buildConfigurations = (
				3BA590D627ACFF5300DEBA44 /* Debug */,
				3BA590D727ACFF5300DEBA44 /* Release */,
			);
			defaultConfigurationIsVisible = 0;
			defaultConfigurationName = Release;
		};
		3BA590D827ACFF5300DEBA44 /* Build configuration list for PBXNativeTarget "XIBFinal" */ = {
			isa = XCConfigurationList;
			buildConfigurations = (
				3BA590D927ACFF5300DEBA44 /* Debug */,
				3BA590DA27ACFF5300DEBA44 /* Release */,
			);
			defaultConfigurationIsVisible = 0;
			defaultConfigurationName = Release;
		};
/* End XCConfigurationList section */
	};
	rootObject = 3BA590BC27ACFF5200DEBA44 /* Project object */;
}
